PODS:
  - TNCore (0.2.1):
    - TNCore/Error (= 0.2.1)
    - TNCore/NavigationController (= 0.2.1)
    - TNCore/Result (= 0.2.1)
    - TNCore/Scene (= 0.2.1)
    - TNCore/TableView (= 0.2.1)
    - TNCore/Waypoint (= 0.2.1)
  - TNCore/Error (0.2.1)
  - TNCore/NavigationController (0.2.1)
  - TNCore/Result (0.2.1)
  - TNCore/Scene (0.2.1)
  - TNCore/TableView (0.2.1)
  - TNCore/Waypoint (0.2.1)
  - TNExtensions/ImageCreator (0.1)

DEPENDENCIES:
  - TNCore
  - TNExtensions/ImageCreator

SPEC CHECKSUMS:
  TNCore: b3202f573fff7ec880f8122ade6cca29472ef79f
  TNExtensions: 9329404176ea45b958644a1a65b3a426304d9319

PODFILE CHECKSUM: ac6b5018284e68e0262d046d3286cdb09011ad56

COCOAPODS: 1.3.1
