// !$*UTF8*$!
{
	archiveVersion = 1;
	classes = {
	};
	objectVersion = 48;
	objects = {

/* Begin PBXBuildFile section */
		48006A0B1FF6139100411C2F /* TextsSceneDelegate.swift in Sources */ = {isa = PBXBuildFile; fileRef = 48006A0A1FF6139100411C2F /* TextsSceneDelegate.swift */; };
		48397BF71FFCC85F00D0B6C7 /* AppSceneThemeDark.swift in Sources */ = {isa = PBXBuildFile; fileRef = 48397BF61FFCC85F00D0B6C7 /* AppSceneThemeDark.swift */; };
		48397BF91FFCC88100D0B6C7 /* AppSceneThemeDefault.swift in Sources */ = {isa = PBXBuildFile; fileRef = 48397BF81FFCC88100D0B6C7 /* AppSceneThemeDefault.swift */; };
		4875AA721FFBF2E1001CBC32 /* AppDelegateWaypoint.swift in Sources */ = {isa = PBXBuildFile; fileRef = 4875AA711FFBF2E1001CBC32 /* AppDelegateWaypoint.swift */; };
		48A5C4811FFBCE6B002ED886 /* InitialSceneFactory.swift in Sources */ = {isa = PBXBuildFile; fileRef = 48A5C4801FFBCE6B002ED886 /* InitialSceneFactory.swift */; };
		48A5C4831FFBD13E002ED886 /* InitialSceneFlow.swift in Sources */ = {isa = PBXBuildFile; fileRef = 48A5C4821FFBD13E002ED886 /* InitialSceneFlow.swift */; };
		48A5C4871FFBE15B002ED886 /* InitialSceneTheme.swift in Sources */ = {isa = PBXBuildFile; fileRef = 48A5C4861FFBE15B002ED886 /* InitialSceneTheme.swift */; };
		48A5C4941FFBEAE4002ED886 /* InitialSceneDelegate.swift in Sources */ = {isa = PBXBuildFile; fileRef = 48A5C4931FFBEAE4002ED886 /* InitialSceneDelegate.swift */; };
		48D7919F1FFDEDEC0023D0CD /* TextsSceneTableCellAction.swift in Sources */ = {isa = PBXBuildFile; fileRef = 48D7919E1FFDEDEC0023D0CD /* TextsSceneTableCellAction.swift */; };
		48D8B2ED1FFCB50700E33868 /* AppSceneTheme.swift in Sources */ = {isa = PBXBuildFile; fileRef = 48D8B2EC1FFCB50700E33868 /* AppSceneTheme.swift */; };
		48E73CE31FF4DB890016B75F /* AppDelegate.swift in Sources */ = {isa = PBXBuildFile; fileRef = 48E73CE21FF4DB890016B75F /* AppDelegate.swift */; };
		48E73CE51FF4DB890016B75F /* InitialScene.swift in Sources */ = {isa = PBXBuildFile; fileRef = 48E73CE41FF4DB890016B75F /* InitialScene.swift */; };
		48E73CE81FF4DB890016B75F /* Main.storyboard in Resources */ = {isa = PBXBuildFile; fileRef = 48E73CE61FF4DB890016B75F /* Main.storyboard */; };
		48E73CEA1FF4DB890016B75F /* Assets.xcassets in Resources */ = {isa = PBXBuildFile; fileRef = 48E73CE91FF4DB890016B75F /* Assets.xcassets */; };
		48E73CED1FF4DB890016B75F /* LaunchScreen.storyboard in Resources */ = {isa = PBXBuildFile; fileRef = 48E73CEB1FF4DB890016B75F /* LaunchScreen.storyboard */; };
		48E73D0F1FF4DC540016B75F /* TextsScene.swift in Sources */ = {isa = PBXBuildFile; fileRef = 48E73CFB1FF4DC530016B75F /* TextsScene.swift */; };
		48E73D111FF4DC540016B75F /* TextsSceneFlow.swift in Sources */ = {isa = PBXBuildFile; fileRef = 48E73CFD1FF4DC530016B75F /* TextsSceneFlow.swift */; };
		48E73D121FF4DC540016B75F /* TextsSceneItem.swift in Sources */ = {isa = PBXBuildFile; fileRef = 48E73CFE1FF4DC530016B75F /* TextsSceneItem.swift */; };
		48E73D131FF4DC540016B75F /* TextsSceneTableCellFactory.swift in Sources */ = {isa = PBXBuildFile; fileRef = 48E73CFF1FF4DC530016B75F /* TextsSceneTableCellFactory.swift */; };
		48E73D141FF4DC540016B75F /* TextsSceneData.swift in Sources */ = {isa = PBXBuildFile; fileRef = 48E73D001FF4DC530016B75F /* TextsSceneData.swift */; };
		48E73D161FF4DC540016B75F /* TextsSceneTableDelegate.swift in Sources */ = {isa = PBXBuildFile; fileRef = 48E73D021FF4DC530016B75F /* TextsSceneTableDelegate.swift */; };
		48E73D171FF4DC540016B75F /* TextsSceneTheme.swift in Sources */ = {isa = PBXBuildFile; fileRef = 48E73D031FF4DC530016B75F /* TextsSceneTheme.swift */; };
		48E73D181FF4DC540016B75F /* TextsSceneWorker.swift in Sources */ = {isa = PBXBuildFile; fileRef = 48E73D041FF4DC530016B75F /* TextsSceneWorker.swift */; };
		48E73D191FF4DC540016B75F /* TextsSceneInteraction.swift in Sources */ = {isa = PBXBuildFile; fileRef = 48E73D051FF4DC540016B75F /* TextsSceneInteraction.swift */; };
		48E73D1B1FF4DC540016B75F /* TextsSceneSetup.swift in Sources */ = {isa = PBXBuildFile; fileRef = 48E73D071FF4DC540016B75F /* TextsSceneSetup.swift */; };
		48E73D1E1FF4DC540016B75F /* TextsSceneFactory.swift in Sources */ = {isa = PBXBuildFile; fileRef = 48E73D0A1FF4DC540016B75F /* TextsSceneFactory.swift */; };
		48E73D1F1FF4DC540016B75F /* TextsSceneTableDataSource.swift in Sources */ = {isa = PBXBuildFile; fileRef = 48E73D0B1FF4DC540016B75F /* TextsSceneTableDataSource.swift */; };
		48E73D201FF4DC540016B75F /* TextsSceneTableCell.swift in Sources */ = {isa = PBXBuildFile; fileRef = 48E73D0C1FF4DC540016B75F /* TextsSceneTableCell.swift */; };
		48E73D261FF4E0AD0016B75F /* TextRemoteService.swift in Sources */ = {isa = PBXBuildFile; fileRef = 48E73D251FF4E0AD0016B75F /* TextRemoteService.swift */; };
		48E73D2C1FF4E19F0016B75F /* Text.swift in Sources */ = {isa = PBXBuildFile; fileRef = 48E73D2B1FF4E19F0016B75F /* Text.swift */; };
		48E73D301FF4E26F0016B75F /* TextQuery.swift in Sources */ = {isa = PBXBuildFile; fileRef = 48E73D2F1FF4E26F0016B75F /* TextQuery.swift */; };
		48E73D331FF4E4B80016B75F /* TextWriter.swift in Sources */ = {isa = PBXBuildFile; fileRef = 48E73D321FF4E4B80016B75F /* TextWriter.swift */; };
		48E73D361FF4E5130016B75F /* TextRemoteQuery.swift in Sources */ = {isa = PBXBuildFile; fileRef = 48E73D351FF4E5130016B75F /* TextRemoteQuery.swift */; };
		48E73D391FF4E55B0016B75F /* TextRemoteWriter.swift in Sources */ = {isa = PBXBuildFile; fileRef = 48E73D381FF4E55B0016B75F /* TextRemoteWriter.swift */; };
		FCBCF1F5AE51CC236A7C882E /* Pods_TiyoNir.framework in Frameworks */ = {isa = PBXBuildFile; fileRef = FE8C3E77E46B1ACFC4CB45B1 /* Pods_TiyoNir.framework */; };
/* End PBXBuildFile section */

/* Begin PBXFileReference section */
		48006A0A1FF6139100411C2F /* TextsSceneDelegate.swift */ = {isa = PBXFileReference; lastKnownFileType = sourcecode.swift; path = TextsSceneDelegate.swift; sourceTree = "<group>"; };
		48397BF61FFCC85F00D0B6C7 /* AppSceneThemeDark.swift */ = {isa = PBXFileReference; lastKnownFileType = sourcecode.swift; path = AppSceneThemeDark.swift; sourceTree = "<group>"; };
		48397BF81FFCC88100D0B6C7 /* AppSceneThemeDefault.swift */ = {isa = PBXFileReference; lastKnownFileType = sourcecode.swift; path = AppSceneThemeDefault.swift; sourceTree = "<group>"; };
		4875AA711FFBF2E1001CBC32 /* AppDelegateWaypoint.swift */ = {isa = PBXFileReference; lastKnownFileType = sourcecode.swift; path = AppDelegateWaypoint.swift; sourceTree = "<group>"; };
		48A5C4801FFBCE6B002ED886 /* InitialSceneFactory.swift */ = {isa = PBXFileReference; lastKnownFileType = sourcecode.swift; path = InitialSceneFactory.swift; sourceTree = "<group>"; };
		48A5C4821FFBD13E002ED886 /* InitialSceneFlow.swift */ = {isa = PBXFileReference; lastKnownFileType = sourcecode.swift; path = InitialSceneFlow.swift; sourceTree = "<group>"; };
		48A5C4861FFBE15B002ED886 /* InitialSceneTheme.swift */ = {isa = PBXFileReference; lastKnownFileType = sourcecode.swift; path = InitialSceneTheme.swift; sourceTree = "<group>"; };
		48A5C4931FFBEAE4002ED886 /* InitialSceneDelegate.swift */ = {isa = PBXFileReference; fileEncoding = 4; lastKnownFileType = sourcecode.swift; path = InitialSceneDelegate.swift; sourceTree = "<group>"; };
		48D7919E1FFDEDEC0023D0CD /* TextsSceneTableCellAction.swift */ = {isa = PBXFileReference; lastKnownFileType = sourcecode.swift; path = TextsSceneTableCellAction.swift; sourceTree = "<group>"; };
		48D8B2EC1FFCB50700E33868 /* AppSceneTheme.swift */ = {isa = PBXFileReference; lastKnownFileType = sourcecode.swift; path = AppSceneTheme.swift; sourceTree = "<group>"; };
		48E73CDF1FF4DB880016B75F /* TiyoNir.app */ = {isa = PBXFileReference; explicitFileType = wrapper.application; includeInIndex = 0; path = TiyoNir.app; sourceTree = BUILT_PRODUCTS_DIR; };
		48E73CE21FF4DB890016B75F /* AppDelegate.swift */ = {isa = PBXFileReference; lastKnownFileType = sourcecode.swift; path = AppDelegate.swift; sourceTree = "<group>"; };
		48E73CE41FF4DB890016B75F /* InitialScene.swift */ = {isa = PBXFileReference; lastKnownFileType = sourcecode.swift; path = InitialScene.swift; sourceTree = "<group>"; };
		48E73CE71FF4DB890016B75F /* Base */ = {isa = PBXFileReference; lastKnownFileType = file.storyboard; name = Base; path = Base.lproj/Main.storyboard; sourceTree = "<group>"; };
		48E73CE91FF4DB890016B75F /* Assets.xcassets */ = {isa = PBXFileReference; lastKnownFileType = folder.assetcatalog; path = Assets.xcassets; sourceTree = "<group>"; };
		48E73CEC1FF4DB890016B75F /* Base */ = {isa = PBXFileReference; lastKnownFileType = file.storyboard; name = Base; path = Base.lproj/LaunchScreen.storyboard; sourceTree = "<group>"; };
		48E73CEE1FF4DB890016B75F /* Info.plist */ = {isa = PBXFileReference; lastKnownFileType = text.plist.xml; path = Info.plist; sourceTree = "<group>"; };
		48E73CFB1FF4DC530016B75F /* TextsScene.swift */ = {isa = PBXFileReference; fileEncoding = 4; lastKnownFileType = sourcecode.swift; path = TextsScene.swift; sourceTree = "<group>"; };
		48E73CFD1FF4DC530016B75F /* TextsSceneFlow.swift */ = {isa = PBXFileReference; fileEncoding = 4; lastKnownFileType = sourcecode.swift; path = TextsSceneFlow.swift; sourceTree = "<group>"; };
		48E73CFE1FF4DC530016B75F /* TextsSceneItem.swift */ = {isa = PBXFileReference; fileEncoding = 4; lastKnownFileType = sourcecode.swift; path = TextsSceneItem.swift; sourceTree = "<group>"; };
		48E73CFF1FF4DC530016B75F /* TextsSceneTableCellFactory.swift */ = {isa = PBXFileReference; fileEncoding = 4; lastKnownFileType = sourcecode.swift; path = TextsSceneTableCellFactory.swift; sourceTree = "<group>"; };
		48E73D001FF4DC530016B75F /* TextsSceneData.swift */ = {isa = PBXFileReference; fileEncoding = 4; lastKnownFileType = sourcecode.swift; path = TextsSceneData.swift; sourceTree = "<group>"; };
		48E73D021FF4DC530016B75F /* TextsSceneTableDelegate.swift */ = {isa = PBXFileReference; fileEncoding = 4; lastKnownFileType = sourcecode.swift; path = TextsSceneTableDelegate.swift; sourceTree = "<group>"; };
		48E73D031FF4DC530016B75F /* TextsSceneTheme.swift */ = {isa = PBXFileReference; fileEncoding = 4; lastKnownFileType = sourcecode.swift; path = TextsSceneTheme.swift; sourceTree = "<group>"; };
		48E73D041FF4DC530016B75F /* TextsSceneWorker.swift */ = {isa = PBXFileReference; fileEncoding = 4; lastKnownFileType = sourcecode.swift; path = TextsSceneWorker.swift; sourceTree = "<group>"; };
		48E73D051FF4DC540016B75F /* TextsSceneInteraction.swift */ = {isa = PBXFileReference; fileEncoding = 4; lastKnownFileType = sourcecode.swift; path = TextsSceneInteraction.swift; sourceTree = "<group>"; };
		48E73D071FF4DC540016B75F /* TextsSceneSetup.swift */ = {isa = PBXFileReference; fileEncoding = 4; lastKnownFileType = sourcecode.swift; path = TextsSceneSetup.swift; sourceTree = "<group>"; };
		48E73D0A1FF4DC540016B75F /* TextsSceneFactory.swift */ = {isa = PBXFileReference; fileEncoding = 4; lastKnownFileType = sourcecode.swift; path = TextsSceneFactory.swift; sourceTree = "<group>"; };
		48E73D0B1FF4DC540016B75F /* TextsSceneTableDataSource.swift */ = {isa = PBXFileReference; fileEncoding = 4; lastKnownFileType = sourcecode.swift; path = TextsSceneTableDataSource.swift; sourceTree = "<group>"; };
		48E73D0C1FF4DC540016B75F /* TextsSceneTableCell.swift */ = {isa = PBXFileReference; fileEncoding = 4; lastKnownFileType = sourcecode.swift; path = TextsSceneTableCell.swift; sourceTree = "<group>"; };
		48E73D251FF4E0AD0016B75F /* TextRemoteService.swift */ = {isa = PBXFileReference; lastKnownFileType = sourcecode.swift; path = TextRemoteService.swift; sourceTree = "<group>"; };
		48E73D2B1FF4E19F0016B75F /* Text.swift */ = {isa = PBXFileReference; lastKnownFileType = sourcecode.swift; path = Text.swift; sourceTree = "<group>"; };
		48E73D2F1FF4E26F0016B75F /* TextQuery.swift */ = {isa = PBXFileReference; lastKnownFileType = sourcecode.swift; path = TextQuery.swift; sourceTree = "<group>"; };
		48E73D321FF4E4B80016B75F /* TextWriter.swift */ = {isa = PBXFileReference; lastKnownFileType = sourcecode.swift; path = TextWriter.swift; sourceTree = "<group>"; };
		48E73D351FF4E5130016B75F /* TextRemoteQuery.swift */ = {isa = PBXFileReference; lastKnownFileType = sourcecode.swift; path = TextRemoteQuery.swift; sourceTree = "<group>"; };
		48E73D381FF4E55B0016B75F /* TextRemoteWriter.swift */ = {isa = PBXFileReference; lastKnownFileType = sourcecode.swift; path = TextRemoteWriter.swift; sourceTree = "<group>"; };
		B722B6B49547002C2955F544 /* Pods-TiyoNir.debug.xcconfig */ = {isa = PBXFileReference; includeInIndex = 1; lastKnownFileType = text.xcconfig; name = "Pods-TiyoNir.debug.xcconfig"; path = "Pods/Target Support Files/Pods-TiyoNir/Pods-TiyoNir.debug.xcconfig"; sourceTree = "<group>"; };
		FE8C3E77E46B1ACFC4CB45B1 /* Pods_TiyoNir.framework */ = {isa = PBXFileReference; explicitFileType = wrapper.framework; includeInIndex = 0; path = Pods_TiyoNir.framework; sourceTree = BUILT_PRODUCTS_DIR; };
		FF846FE03BF628898B090311 /* Pods-TiyoNir.release.xcconfig */ = {isa = PBXFileReference; includeInIndex = 1; lastKnownFileType = text.xcconfig; name = "Pods-TiyoNir.release.xcconfig"; path = "Pods/Target Support Files/Pods-TiyoNir/Pods-TiyoNir.release.xcconfig"; sourceTree = "<group>"; };
/* End PBXFileReference section */

/* Begin PBXFrameworksBuildPhase section */
		48E73CDC1FF4DB880016B75F /* Frameworks */ = {
			isa = PBXFrameworksBuildPhase;
			buildActionMask = 2147483647;
			files = (
				FCBCF1F5AE51CC236A7C882E /* Pods_TiyoNir.framework in Frameworks */,
			);
			runOnlyForDeploymentPostprocessing = 0;
		};
/* End PBXFrameworksBuildPhase section */

/* Begin PBXGroup section */
		48397BF51FFCC80100D0B6C7 /* Theme */ = {
			isa = PBXGroup;
			children = (
				48D8B2EC1FFCB50700E33868 /* AppSceneTheme.swift */,
				48397BF61FFCC85F00D0B6C7 /* AppSceneThemeDark.swift */,
				48397BF81FFCC88100D0B6C7 /* AppSceneThemeDefault.swift */,
			);
			path = Theme;
			sourceTree = "<group>";
		};
		48A5C47E1FFBCA88002ED886 /* Texts */ = {
			isa = PBXGroup;
			children = (
				48E73CFB1FF4DC530016B75F /* TextsScene.swift */,
				48E73D001FF4DC530016B75F /* TextsSceneData.swift */,
				48006A0A1FF6139100411C2F /* TextsSceneDelegate.swift */,
				48E73D0A1FF4DC540016B75F /* TextsSceneFactory.swift */,
				48E73CFD1FF4DC530016B75F /* TextsSceneFlow.swift */,
				48E73D051FF4DC540016B75F /* TextsSceneInteraction.swift */,
				48E73CFE1FF4DC530016B75F /* TextsSceneItem.swift */,
				48E73D071FF4DC540016B75F /* TextsSceneSetup.swift */,
				48E73D0C1FF4DC540016B75F /* TextsSceneTableCell.swift */,
				48D7919E1FFDEDEC0023D0CD /* TextsSceneTableCellAction.swift */,
				48E73CFF1FF4DC530016B75F /* TextsSceneTableCellFactory.swift */,
				48E73D0B1FF4DC540016B75F /* TextsSceneTableDataSource.swift */,
				48E73D021FF4DC530016B75F /* TextsSceneTableDelegate.swift */,
				48E73D031FF4DC530016B75F /* TextsSceneTheme.swift */,
				48E73D041FF4DC530016B75F /* TextsSceneWorker.swift */,
			);
			path = Texts;
			sourceTree = "<group>";
		};
		48A5C47F1FFBCCBD002ED886 /* Initial */ = {
			isa = PBXGroup;
			children = (
				48E73CE41FF4DB890016B75F /* InitialScene.swift */,
				48A5C4931FFBEAE4002ED886 /* InitialSceneDelegate.swift */,
				48A5C4801FFBCE6B002ED886 /* InitialSceneFactory.swift */,
				48A5C4821FFBD13E002ED886 /* InitialSceneFlow.swift */,
				48A5C4861FFBE15B002ED886 /* InitialSceneTheme.swift */,
			);
			path = Initial;
			sourceTree = "<group>";
		};
		48E73CD61FF4DB880016B75F = {
			isa = PBXGroup;
			children = (
				48E73CE11FF4DB890016B75F /* TiyoNir */,
				48E73CE01FF4DB890016B75F /* Products */,
				73F9C525BCCA5F6B87EC4F2D /* Pods */,
				FB8441904C6BEFB64183419F /* Frameworks */,
			);
			sourceTree = "<group>";
		};
		48E73CE01FF4DB890016B75F /* Products */ = {
			isa = PBXGroup;
			children = (
				48E73CDF1FF4DB880016B75F /* TiyoNir.app */,
			);
			name = Products;
			sourceTree = "<group>";
		};
		48E73CE11FF4DB890016B75F /* TiyoNir */ = {
			isa = PBXGroup;
			children = (
				48E73CF71FF4DBE30016B75F /* Source */,
				48E73CF41FF4DB920016B75F /* Support */,
				48E73CF61FF4DBB50016B75F /* Resources */,
			);
			path = TiyoNir;
			sourceTree = "<group>";
		};
		48E73CF41FF4DB920016B75F /* Support */ = {
			isa = PBXGroup;
			children = (
				48E73CEE1FF4DB890016B75F /* Info.plist */,
				48E73CE21FF4DB890016B75F /* AppDelegate.swift */,
				4875AA711FFBF2E1001CBC32 /* AppDelegateWaypoint.swift */,
			);
			path = Support;
			sourceTree = "<group>";
		};
		48E73CF61FF4DBB50016B75F /* Resources */ = {
			isa = PBXGroup;
			children = (
				48E73CE91FF4DB890016B75F /* Assets.xcassets */,
				48E73CEB1FF4DB890016B75F /* LaunchScreen.storyboard */,
				48E73CE61FF4DB890016B75F /* Main.storyboard */,
			);
			path = Resources;
			sourceTree = "<group>";
		};
		48E73CF71FF4DBE30016B75F /* Source */ = {
			isa = PBXGroup;
			children = (
				48E73D2A1FF4E18F0016B75F /* Model */,
				48E73CF91FF4DC320016B75F /* Scene */,
				48E73D241FF4E0990016B75F /* Service */,
				48397BF51FFCC80100D0B6C7 /* Theme */,
			);
			path = Source;
			sourceTree = "<group>";
		};
		48E73CF91FF4DC320016B75F /* Scene */ = {
			isa = PBXGroup;
			children = (
				48A5C47F1FFBCCBD002ED886 /* Initial */,
				48A5C47E1FFBCA88002ED886 /* Texts */,
			);
			path = Scene;
			sourceTree = "<group>";
		};
		48E73D241FF4E0990016B75F /* Service */ = {
			isa = PBXGroup;
			children = (
				48E73D311FF4E3EC0016B75F /* Core */,
				48E73D291FF4E14A0016B75F /* Remote */,
			);
			path = Service;
			sourceTree = "<group>";
		};
		48E73D291FF4E14A0016B75F /* Remote */ = {
			isa = PBXGroup;
			children = (
				48E73D2D1FF4E2380016B75F /* Provider */,
				48E73D341FF4E4FC0016B75F /* Query */,
				48E73D371FF4E52E0016B75F /* Writer */,
			);
			path = Remote;
			sourceTree = "<group>";
		};
		48E73D2A1FF4E18F0016B75F /* Model */ = {
			isa = PBXGroup;
			children = (
				48E73D2B1FF4E19F0016B75F /* Text.swift */,
			);
			path = Model;
			sourceTree = "<group>";
		};
		48E73D2D1FF4E2380016B75F /* Provider */ = {
			isa = PBXGroup;
			children = (
				48E73D251FF4E0AD0016B75F /* TextRemoteService.swift */,
			);
			path = Provider;
			sourceTree = "<group>";
		};
		48E73D311FF4E3EC0016B75F /* Core */ = {
			isa = PBXGroup;
			children = (
				48E73D2F1FF4E26F0016B75F /* TextQuery.swift */,
				48E73D321FF4E4B80016B75F /* TextWriter.swift */,
			);
			path = Core;
			sourceTree = "<group>";
		};
		48E73D341FF4E4FC0016B75F /* Query */ = {
			isa = PBXGroup;
			children = (
				48E73D351FF4E5130016B75F /* TextRemoteQuery.swift */,
			);
			path = Query;
			sourceTree = "<group>";
		};
		48E73D371FF4E52E0016B75F /* Writer */ = {
			isa = PBXGroup;
			children = (
				48E73D381FF4E55B0016B75F /* TextRemoteWriter.swift */,
			);
			path = Writer;
			sourceTree = "<group>";
		};
		73F9C525BCCA5F6B87EC4F2D /* Pods */ = {
			isa = PBXGroup;
			children = (
				B722B6B49547002C2955F544 /* Pods-TiyoNir.debug.xcconfig */,
				FF846FE03BF628898B090311 /* Pods-TiyoNir.release.xcconfig */,
			);
			name = Pods;
			sourceTree = "<group>";
		};
		FB8441904C6BEFB64183419F /* Frameworks */ = {
			isa = PBXGroup;
			children = (
				FE8C3E77E46B1ACFC4CB45B1 /* Pods_TiyoNir.framework */,
			);
			name = Frameworks;
			sourceTree = "<group>";
		};
/* End PBXGroup section */

/* Begin PBXNativeTarget section */
		48E73CDE1FF4DB880016B75F /* TiyoNir */ = {
			isa = PBXNativeTarget;
			buildConfigurationList = 48E73CF11FF4DB890016B75F /* Build configuration list for PBXNativeTarget "TiyoNir" */;
			buildPhases = (
				570274C4262434BD53203D5D /* [CP] Check Pods Manifest.lock */,
				48E73CDB1FF4DB880016B75F /* Sources */,
				48E73CDC1FF4DB880016B75F /* Frameworks */,
				48E73CDD1FF4DB880016B75F /* Resources */,
				DFC3CD468070630E5C025F12 /* [CP] Embed Pods Frameworks */,
				FF27F9650159F285ECDE8A41 /* [CP] Copy Pods Resources */,
			);
			buildRules = (
			);
			dependencies = (
			);
			name = TiyoNir;
			productName = TiyoNir;
			productReference = 48E73CDF1FF4DB880016B75F /* TiyoNir.app */;
			productType = "com.apple.product-type.application";
		};
/* End PBXNativeTarget section */

/* Begin PBXProject section */
		48E73CD71FF4DB880016B75F /* Project object */ = {
			isa = PBXProject;
			attributes = {
				LastSwiftUpdateCheck = 0900;
				LastUpgradeCheck = 0900;
				ORGANIZATIONNAME = Nir;
				TargetAttributes = {
					48E73CDE1FF4DB880016B75F = {
						CreatedOnToolsVersion = 9.0.1;
						ProvisioningStyle = Automatic;
					};
				};
			};
			buildConfigurationList = 48E73CDA1FF4DB880016B75F /* Build configuration list for PBXProject "TiyoNir" */;
			compatibilityVersion = "Xcode 8.0";
			developmentRegion = en;
			hasScannedForEncodings = 0;
			knownRegions = (
				en,
				Base,
			);
			mainGroup = 48E73CD61FF4DB880016B75F;
			productRefGroup = 48E73CE01FF4DB890016B75F /* Products */;
			projectDirPath = "";
			projectRoot = "";
			targets = (
				48E73CDE1FF4DB880016B75F /* TiyoNir */,
			);
		};
/* End PBXProject section */

/* Begin PBXResourcesBuildPhase section */
		48E73CDD1FF4DB880016B75F /* Resources */ = {
			isa = PBXResourcesBuildPhase;
			buildActionMask = 2147483647;
			files = (
				48E73CED1FF4DB890016B75F /* LaunchScreen.storyboard in Resources */,
				48E73CEA1FF4DB890016B75F /* Assets.xcassets in Resources */,
				48E73CE81FF4DB890016B75F /* Main.storyboard in Resources */,
			);
			runOnlyForDeploymentPostprocessing = 0;
		};
/* End PBXResourcesBuildPhase section */

/* Begin PBXShellScriptBuildPhase section */
		570274C4262434BD53203D5D /* [CP] Check Pods Manifest.lock */ = {
			isa = PBXShellScriptBuildPhase;
			buildActionMask = 2147483647;
			files = (
			);
			inputPaths = (
				"${PODS_PODFILE_DIR_PATH}/Podfile.lock",
				"${PODS_ROOT}/Manifest.lock",
			);
			name = "[CP] Check Pods Manifest.lock";
			outputPaths = (
				"$(DERIVED_FILE_DIR)/Pods-TiyoNir-checkManifestLockResult.txt",
			);
			runOnlyForDeploymentPostprocessing = 0;
			shellPath = /bin/sh;
			shellScript = "diff \"${PODS_PODFILE_DIR_PATH}/Podfile.lock\" \"${PODS_ROOT}/Manifest.lock\" > /dev/null\nif [ $? != 0 ] ; then\n    # print error to STDERR\n    echo \"error: The sandbox is not in sync with the Podfile.lock. Run 'pod install' or update your CocoaPods installation.\" >&2\n    exit 1\nfi\n# This output is used by Xcode 'outputs' to avoid re-running this script phase.\necho \"SUCCESS\" > \"${SCRIPT_OUTPUT_FILE_0}\"\n";
			showEnvVarsInLog = 0;
		};
		DFC3CD468070630E5C025F12 /* [CP] Embed Pods Frameworks */ = {
			isa = PBXShellScriptBuildPhase;
			buildActionMask = 2147483647;
			files = (
			);
			inputPaths = (
				"${SRCROOT}/Pods/Target Support Files/Pods-TiyoNir/Pods-TiyoNir-frameworks.sh",
				"${BUILT_PRODUCTS_DIR}/TNCore/TNCore.framework",
			);
			name = "[CP] Embed Pods Frameworks";
			outputPaths = (
				"${TARGET_BUILD_DIR}/${FRAMEWORKS_FOLDER_PATH}/TNCore.framework",
			);
			runOnlyForDeploymentPostprocessing = 0;
			shellPath = /bin/sh;
			shellScript = "\"${SRCROOT}/Pods/Target Support Files/Pods-TiyoNir/Pods-TiyoNir-frameworks.sh\"\n";
			showEnvVarsInLog = 0;
		};
		FF27F9650159F285ECDE8A41 /* [CP] Copy Pods Resources */ = {
			isa = PBXShellScriptBuildPhase;
			buildActionMask = 2147483647;
			files = (
			);
			inputPaths = (
			);
			name = "[CP] Copy Pods Resources";
			outputPaths = (
			);
			runOnlyForDeploymentPostprocessing = 0;
			shellPath = /bin/sh;
			shellScript = "\"${SRCROOT}/Pods/Target Support Files/Pods-TiyoNir/Pods-TiyoNir-resources.sh\"\n";
			showEnvVarsInLog = 0;
		};
/* End PBXShellScriptBuildPhase section */

/* Begin PBXSourcesBuildPhase section */
		48E73CDB1FF4DB880016B75F /* Sources */ = {
			isa = PBXSourcesBuildPhase;
			buildActionMask = 2147483647;
			files = (
				48A5C4941FFBEAE4002ED886 /* InitialSceneDelegate.swift in Sources */,
				48397BF71FFCC85F00D0B6C7 /* AppSceneThemeDark.swift in Sources */,
				48E73D0F1FF4DC540016B75F /* TextsScene.swift in Sources */,
				48E73D121FF4DC540016B75F /* TextsSceneItem.swift in Sources */,
				48006A0B1FF6139100411C2F /* TextsSceneDelegate.swift in Sources */,
				48E73CE51FF4DB890016B75F /* InitialScene.swift in Sources */,
				48A5C4811FFBCE6B002ED886 /* InitialSceneFactory.swift in Sources */,
				48A5C4871FFBE15B002ED886 /* InitialSceneTheme.swift in Sources */,
				4875AA721FFBF2E1001CBC32 /* AppDelegateWaypoint.swift in Sources */,
				48E73D181FF4DC540016B75F /* TextsSceneWorker.swift in Sources */,
				48E73D331FF4E4B80016B75F /* TextWriter.swift in Sources */,
				48E73D301FF4E26F0016B75F /* TextQuery.swift in Sources */,
				48E73D391FF4E55B0016B75F /* TextRemoteWriter.swift in Sources */,
				48E73D171FF4DC540016B75F /* TextsSceneTheme.swift in Sources */,
				48A5C4831FFBD13E002ED886 /* InitialSceneFlow.swift in Sources */,
				48E73D2C1FF4E19F0016B75F /* Text.swift in Sources */,
				48E73D141FF4DC540016B75F /* TextsSceneData.swift in Sources */,
				48E73D191FF4DC540016B75F /* TextsSceneInteraction.swift in Sources */,
				48D7919F1FFDEDEC0023D0CD /* TextsSceneTableCellAction.swift in Sources */,
				48E73D201FF4DC540016B75F /* TextsSceneTableCell.swift in Sources */,
				48E73D131FF4DC540016B75F /* TextsSceneTableCellFactory.swift in Sources */,
				48E73D1B1FF4DC540016B75F /* TextsSceneSetup.swift in Sources */,
				48D8B2ED1FFCB50700E33868 /* AppSceneTheme.swift in Sources */,
				48397BF91FFCC88100D0B6C7 /* AppSceneThemeDefault.swift in Sources */,
				48E73D161FF4DC540016B75F /* TextsSceneTableDelegate.swift in Sources */,
				48E73CE31FF4DB890016B75F /* AppDelegate.swift in Sources */,
				48E73D261FF4E0AD0016B75F /* TextRemoteService.swift in Sources */,
				48E73D1E1FF4DC540016B75F /* TextsSceneFactory.swift in Sources */,
				48E73D111FF4DC540016B75F /* TextsSceneFlow.swift in Sources */,
				48E73D1F1FF4DC540016B75F /* TextsSceneTableDataSource.swift in Sources */,
				48E73D361FF4E5130016B75F /* TextRemoteQuery.swift in Sources */,
			);
			runOnlyForDeploymentPostprocessing = 0;
		};
/* End PBXSourcesBuildPhase section */

/* Begin PBXVariantGroup section */
		48E73CE61FF4DB890016B75F /* Main.storyboard */ = {
			isa = PBXVariantGroup;
			children = (
				48E73CE71FF4DB890016B75F /* Base */,
			);
			name = Main.storyboard;
			sourceTree = "<group>";
		};
		48E73CEB1FF4DB890016B75F /* LaunchScreen.storyboard */ = {
			isa = PBXVariantGroup;
			children = (
				48E73CEC1FF4DB890016B75F /* Base */,
			);
			name = LaunchScreen.storyboard;
			sourceTree = "<group>";
		};
/* End PBXVariantGroup section */

/* Begin XCBuildConfiguration section */
		48E73CEF1FF4DB890016B75F /* Debug */ = {
			isa = XCBuildConfiguration;
			buildSettings = {
				ALWAYS_SEARCH_USER_PATHS = NO;
				CLANG_ANALYZER_NONNULL = YES;
				CLANG_ANALYZER_NUMBER_OBJECT_CONVERSION = YES_AGGRESSIVE;
				CLANG_CXX_LANGUAGE_STANDARD = "gnu++14";
				CLANG_CXX_LIBRARY = "libc++";
				CLANG_ENABLE_MODULES = YES;
				CLANG_ENABLE_OBJC_ARC = YES;
				CLANG_WARN_BLOCK_CAPTURE_AUTORELEASING = YES;
				CLANG_WARN_BOOL_CONVERSION = YES;
				CLANG_WARN_COMMA = YES;
				CLANG_WARN_CONSTANT_CONVERSION = YES;
				CLANG_WARN_DIRECT_OBJC_ISA_USAGE = YES_ERROR;
				CLANG_WARN_DOCUMENTATION_COMMENTS = YES;
				CLANG_WARN_EMPTY_BODY = YES;
				CLANG_WARN_ENUM_CONVERSION = YES;
				CLANG_WARN_INFINITE_RECURSION = YES;
				CLANG_WARN_INT_CONVERSION = YES;
				CLANG_WARN_NON_LITERAL_NULL_CONVERSION = YES;
				CLANG_WARN_OBJC_LITERAL_CONVERSION = YES;
				CLANG_WARN_OBJC_ROOT_CLASS = YES_ERROR;
				CLANG_WARN_RANGE_LOOP_ANALYSIS = YES;
				CLANG_WARN_STRICT_PROTOTYPES = YES;
				CLANG_WARN_SUSPICIOUS_MOVE = YES;
				CLANG_WARN_UNGUARDED_AVAILABILITY = YES_AGGRESSIVE;
				CLANG_WARN_UNREACHABLE_CODE = YES;
				CLANG_WARN__DUPLICATE_METHOD_MATCH = YES;
				CODE_SIGN_IDENTITY = "iPhone Developer";
				COPY_PHASE_STRIP = NO;
				DEBUG_INFORMATION_FORMAT = dwarf;
				ENABLE_STRICT_OBJC_MSGSEND = YES;
				ENABLE_TESTABILITY = YES;
				GCC_C_LANGUAGE_STANDARD = gnu11;
				GCC_DYNAMIC_NO_PIC = NO;
				GCC_NO_COMMON_BLOCKS = YES;
				GCC_OPTIMIZATION_LEVEL = 0;
				GCC_PREPROCESSOR_DEFINITIONS = (
					"DEBUG=1",
					"$(inherited)",
				);
				GCC_WARN_64_TO_32_BIT_CONVERSION = YES;
				GCC_WARN_ABOUT_RETURN_TYPE = YES_ERROR;
				GCC_WARN_UNDECLARED_SELECTOR = YES;
				GCC_WARN_UNINITIALIZED_AUTOS = YES_AGGRESSIVE;
				GCC_WARN_UNUSED_FUNCTION = YES;
				GCC_WARN_UNUSED_VARIABLE = YES;
				IPHONEOS_DEPLOYMENT_TARGET = 11.0;
				MTL_ENABLE_DEBUG_INFO = YES;
				ONLY_ACTIVE_ARCH = YES;
				SDKROOT = iphoneos;
				SWIFT_ACTIVE_COMPILATION_CONDITIONS = DEBUG;
				SWIFT_OPTIMIZATION_LEVEL = "-Onone";
			};
			name = Debug;
		};
		48E73CF01FF4DB890016B75F /* Release */ = {
			isa = XCBuildConfiguration;
			buildSettings = {
				ALWAYS_SEARCH_USER_PATHS = NO;
				CLANG_ANALYZER_NONNULL = YES;
				CLANG_ANALYZER_NUMBER_OBJECT_CONVERSION = YES_AGGRESSIVE;
				CLANG_CXX_LANGUAGE_STANDARD = "gnu++14";
				CLANG_CXX_LIBRARY = "libc++";
				CLANG_ENABLE_MODULES = YES;
				CLANG_ENABLE_OBJC_ARC = YES;
				CLANG_WARN_BLOCK_CAPTURE_AUTORELEASING = YES;
				CLANG_WARN_BOOL_CONVERSION = YES;
				CLANG_WARN_COMMA = YES;
				CLANG_WARN_CONSTANT_CONVERSION = YES;
				CLANG_WARN_DIRECT_OBJC_ISA_USAGE = YES_ERROR;
				CLANG_WARN_DOCUMENTATION_COMMENTS = YES;
				CLANG_WARN_EMPTY_BODY = YES;
				CLANG_WARN_ENUM_CONVERSION = YES;
				CLANG_WARN_INFINITE_RECURSION = YES;
				CLANG_WARN_INT_CONVERSION = YES;
				CLANG_WARN_NON_LITERAL_NULL_CONVERSION = YES;
				CLANG_WARN_OBJC_LITERAL_CONVERSION = YES;
				CLANG_WARN_OBJC_ROOT_CLASS = YES_ERROR;
				CLANG_WARN_RANGE_LOOP_ANALYSIS = YES;
				CLANG_WARN_STRICT_PROTOTYPES = YES;
				CLANG_WARN_SUSPICIOUS_MOVE = YES;
				CLANG_WARN_UNGUARDED_AVAILABILITY = YES_AGGRESSIVE;
				CLANG_WARN_UNREACHABLE_CODE = YES;
				CLANG_WARN__DUPLICATE_METHOD_MATCH = YES;
				CODE_SIGN_IDENTITY = "iPhone Developer";
				COPY_PHASE_STRIP = NO;
				DEBUG_INFORMATION_FORMAT = "dwarf-with-dsym";
				ENABLE_NS_ASSERTIONS = NO;
				ENABLE_STRICT_OBJC_MSGSEND = YES;
				GCC_C_LANGUAGE_STANDARD = gnu11;
				GCC_NO_COMMON_BLOCKS = YES;
				GCC_WARN_64_TO_32_BIT_CONVERSION = YES;
				GCC_WARN_ABOUT_RETURN_TYPE = YES_ERROR;
				GCC_WARN_UNDECLARED_SELECTOR = YES;
				GCC_WARN_UNINITIALIZED_AUTOS = YES_AGGRESSIVE;
				GCC_WARN_UNUSED_FUNCTION = YES;
				GCC_WARN_UNUSED_VARIABLE = YES;
				IPHONEOS_DEPLOYMENT_TARGET = 11.0;
				MTL_ENABLE_DEBUG_INFO = NO;
				SDKROOT = iphoneos;
				SWIFT_OPTIMIZATION_LEVEL = "-Owholemodule";
				VALIDATE_PRODUCT = YES;
			};
			name = Release;
		};
		48E73CF21FF4DB890016B75F /* Debug */ = {
			isa = XCBuildConfiguration;
			baseConfigurationReference = B722B6B49547002C2955F544 /* Pods-TiyoNir.debug.xcconfig */;
			buildSettings = {
				ASSETCATALOG_COMPILER_APPICON_NAME = AppIcon;
				CODE_SIGN_STYLE = Automatic;
				DEVELOPMENT_TEAM = 4WBRGV5Z9M;
				INFOPLIST_FILE = "$(SRCROOT)/TiyoNir/Support/Info.plist";
				LD_RUNPATH_SEARCH_PATHS = "$(inherited) @executable_path/Frameworks";
				PRODUCT_BUNDLE_IDENTIFIER = com.nir.TiyoNir;
				PRODUCT_NAME = "$(TARGET_NAME)";
				SWIFT_VERSION = 4.0;
				TARGETED_DEVICE_FAMILY = "1,2";
			};
			name = Debug;
		};
		48E73CF31FF4DB890016B75F /* Release */ = {
			isa = XCBuildConfiguration;
			baseConfigurationReference = FF846FE03BF628898B090311 /* Pods-TiyoNir.release.xcconfig */;
			buildSettings = {
				ASSETCATALOG_COMPILER_APPICON_NAME = AppIcon;
				CODE_SIGN_STYLE = Automatic;
				DEVELOPMENT_TEAM = 4WBRGV5Z9M;
				INFOPLIST_FILE = "$(SRCROOT)/TiyoNir/Support/Info.plist";
				LD_RUNPATH_SEARCH_PATHS = "$(inherited) @executable_path/Frameworks";
				PRODUCT_BUNDLE_IDENTIFIER = com.nir.TiyoNir;
				PRODUCT_NAME = "$(TARGET_NAME)";
				SWIFT_VERSION = 4.0;
				TARGETED_DEVICE_FAMILY = "1,2";
			};
			name = Release;
		};
/* End XCBuildConfiguration section */

/* Begin XCConfigurationList section */
		48E73CDA1FF4DB880016B75F /* Build configuration list for PBXProject "TiyoNir" */ = {
			isa = XCConfigurationList;
			buildConfigurations = (
				48E73CEF1FF4DB890016B75F /* Debug */,
				48E73CF01FF4DB890016B75F /* Release */,
			);
			defaultConfigurationIsVisible = 0;
			defaultConfigurationName = Release;
		};
		48E73CF11FF4DB890016B75F /* Build configuration list for PBXNativeTarget "TiyoNir" */ = {
			isa = XCConfigurationList;
			buildConfigurations = (
				48E73CF21FF4DB890016B75F /* Debug */,
				48E73CF31FF4DB890016B75F /* Release */,
			);
			defaultConfigurationIsVisible = 0;
			defaultConfigurationName = Release;
		};
/* End XCConfigurationList section */
	};
	rootObject = 48E73CD71FF4DB880016B75F /* Project object */;
}
